
Microsoft Visual Studio Solution File, Format Version 12.00
# Visual Studio Version 17
VisualStudioVersion = 17.11.35431.28
MinimumVisualStudioVersion = 10.0.40219.1
Project("{9A19103F-16F7-4668-BE54-9A1E7A4F7556}") = "TheOldRealms_CNs", "TheOldRealms_CNs\TheOldRealms_CNs.csproj", "{4858E7B5-433F-449C-B050-CB264E1DC6FF}"
EndProject
Global
	GlobalSection(SolutionConfigurationPlatforms) = preSolution
		Debug|Any CPU = Debug|Any CPU
		Release|Any CPU = Release|Any CPU
	EndGlobalSection
	GlobalSection(ProjectConfigurationPlatforms) = postSolution
		{4858E7B5-433F-449C-B050-CB264E1DC6FF}.Debug|Any CPU.ActiveCfg = Debug|x64
		{4858E7B5-433F-449C-B050-CB264E1DC6FF}.Debug|Any CPU.Build.0 = Debug|x64
		{4858E7B5-433F-449C-B050-CB264E1DC6FF}.Release|Any CPU.ActiveCfg = Release|x64
	EndGlobalSection
	GlobalSection(SolutionProperties) = preSolution
		HideSolutionNode = FALSE
	EndGlobalSection
	GlobalSection(ExtensibilityGlobals) = postSolution
		SolutionGuid = {8515A11A-8D5A-4C2B-A18E-25EA7013A810}
	EndGlobalSection
EndGlobal
